
Microsoft Visual Studio Solution File, Format Version 12.00
# Visual Studio Version 17
VisualStudioVersion = 17.7.34221.43
MinimumVisualStudioVersion = 10.0.40219.1
Project("{9A19103F-16F7-4668-BE54-9A1E7A4F7556}") = "MaxRealStateApp", "MaxRealStateApp.csproj", "{BD26B9EE-87F0-4ACD-8640-73EE6E1A40F2}"
EndProject
Project("{FAE04EC0-301F-11D3-BF4B-00C04F79EFBC}") = "MaxDataAccess", "..\MaxDataAccess\MaxDataAccess.csproj", "{5565A3DF-3DE8-4F73-9327-36D615C0B25D}"
EndProject
Project("{FAE04EC0-301F-11D3-BF4B-00C04F79EFBC}") = "MaxModels", "..\MaxModels\MaxModels.csproj", "{EAF41472-D060-4011-BE1E-D577B04F7CEB}"
EndProject
Global
	GlobalSection(SolutionConfigurationPlatforms) = preSolution
		Debug|Any CPU = Debug|Any CPU
		Release|Any CPU = Release|Any CPU
	EndGlobalSection
	GlobalSection(ProjectConfigurationPlatforms) = postSolution
		{BD26B9EE-87F0-4ACD-8640-73EE6E1A40F2}.Debug|Any CPU.ActiveCfg = Debug|Any CPU
		{BD26B9EE-87F0-4ACD-8640-73EE6E1A40F2}.Debug|Any CPU.Build.0 = Debug|Any CPU
		{BD26B9EE-87F0-4ACD-8640-73EE6E1A40F2}.Release|Any CPU.ActiveCfg = Release|Any CPU
		{BD26B9EE-87F0-4ACD-8640-73EE6E1A40F2}.Release|Any CPU.Build.0 = Release|Any CPU
		{5565A3DF-3DE8-4F73-9327-36D615C0B25D}.Debug|Any CPU.ActiveCfg = Debug|Any CPU
		{5565A3DF-3DE8-4F73-9327-36D615C0B25D}.Debug|Any CPU.Build.0 = Debug|Any CPU
		{5565A3DF-3DE8-4F73-9327-36D615C0B25D}.Release|Any CPU.ActiveCfg = Release|Any CPU
		{5565A3DF-3DE8-4F73-9327-36D615C0B25D}.Release|Any CPU.Build.0 = Release|Any CPU
		{EAF41472-D060-4011-BE1E-D577B04F7CEB}.Debug|Any CPU.ActiveCfg = Debug|Any CPU
		{EAF41472-D060-4011-BE1E-D577B04F7CEB}.Debug|Any CPU.Build.0 = Debug|Any CPU
		{EAF41472-D060-4011-BE1E-D577B04F7CEB}.Release|Any CPU.ActiveCfg = Release|Any CPU
		{EAF41472-D060-4011-BE1E-D577B04F7CEB}.Release|Any CPU.Build.0 = Release|Any CPU
	EndGlobalSection
	GlobalSection(SolutionProperties) = preSolution
		HideSolutionNode = FALSE
	EndGlobalSection
	GlobalSection(ExtensibilityGlobals) = postSolution
		SolutionGuid = {2DD500FA-20EF-47FD-86AB-7B5C79C6327A}
	EndGlobalSection
EndGlobal
